
Microsoft Visual Studio Solution File, Format Version 12.00
# Visual Studio 15
VisualStudioVersion = 15.0.26124.0
MinimumVisualStudioVersion = 15.0.26124.0
Project("{F2A71F9B-5D33-465A-A702-920D77279786}") = "Funogram", "Funogram\Funogram.fsproj", "{A6B87761-16D9-40DB-BFCA-8D019DED838F}"
EndProject
Project("{F2A71F9B-5D33-465A-A702-920D77279786}") = "Funogram.TestBot", "Funogram.TestBot\Funogram.TestBot.fsproj", "{07AC5DF8-9F33-4DC8-BAE9-10468131DEBA}"
EndProject
Project("{F2A71F9B-5D33-465A-A702-920D77279786}") = "Funogram.Tests", "Funogram.Tests\Funogram.Tests.fsproj", "{6F9DE494-4C92-4328-B7E5-3E196313653E}"
EndProject
Project("{F2A71F9B-5D33-465A-A702-920D77279786}") = "Funogram.Telegram", "Funogram.Telegram\Funogram.Telegram.fsproj", "{DD617E32-CE7E-4EA0-AC70-392B7A0BB2F1}"
EndProject
Global
	GlobalSection(SolutionConfigurationPlatforms) = preSolution
		Debug|Any CPU = Debug|Any CPU
		Debug|x64 = Debug|x64
		Debug|x86 = Debug|x86
		Release|Any CPU = Release|Any CPU
		Release|x64 = Release|x64
		Release|x86 = Release|x86
	EndGlobalSection
	GlobalSection(SolutionProperties) = preSolution
		HideSolutionNode = FALSE
	EndGlobalSection
	GlobalSection(ProjectConfigurationPlatforms) = postSolution
		{A6B87761-16D9-40DB-BFCA-8D019DED838F}.Debug|Any CPU.ActiveCfg = Debug|Any CPU
		{A6B87761-16D9-40DB-BFCA-8D019DED838F}.Debug|Any CPU.Build.0 = Debug|Any CPU
		{A6B87761-16D9-40DB-BFCA-8D019DED838F}.Debug|x64.ActiveCfg = Debug|Any CPU
		{A6B87761-16D9-40DB-BFCA-8D019DED838F}.Debug|x64.Build.0 = Debug|Any CPU
		{A6B87761-16D9-40DB-BFCA-8D019DED838F}.Debug|x86.ActiveCfg = Debug|Any CPU
		{A6B87761-16D9-40DB-BFCA-8D019DED838F}.Debug|x86.Build.0 = Debug|Any CPU
		{A6B87761-16D9-40DB-BFCA-8D019DED838F}.Release|Any CPU.ActiveCfg = Release|Any CPU
		{A6B87761-16D9-40DB-BFCA-8D019DED838F}.Release|Any CPU.Build.0 = Release|Any CPU
		{A6B87761-16D9-40DB-BFCA-8D019DED838F}.Release|x64.ActiveCfg = Release|Any CPU
		{A6B87761-16D9-40DB-BFCA-8D019DED838F}.Release|x64.Build.0 = Release|Any CPU
		{A6B87761-16D9-40DB-BFCA-8D019DED838F}.Release|x86.ActiveCfg = Release|Any CPU
		{A6B87761-16D9-40DB-BFCA-8D019DED838F}.Release|x86.Build.0 = Release|Any CPU
		{07AC5DF8-9F33-4DC8-BAE9-10468131DEBA}.Debug|Any CPU.ActiveCfg = Debug|Any CPU
		{07AC5DF8-9F33-4DC8-BAE9-10468131DEBA}.Debug|Any CPU.Build.0 = Debug|Any CPU
		{07AC5DF8-9F33-4DC8-BAE9-10468131DEBA}.Debug|x64.ActiveCfg = Debug|Any CPU
		{07AC5DF8-9F33-4DC8-BAE9-10468131DEBA}.Debug|x64.Build.0 = Debug|Any CPU
		{07AC5DF8-9F33-4DC8-BAE9-10468131DEBA}.Debug|x86.ActiveCfg = Debug|Any CPU
		{07AC5DF8-9F33-4DC8-BAE9-10468131DEBA}.Debug|x86.Build.0 = Debug|Any CPU
		{07AC5DF8-9F33-4DC8-BAE9-10468131DEBA}.Release|Any CPU.ActiveCfg = Release|Any CPU
		{07AC5DF8-9F33-4DC8-BAE9-10468131DEBA}.Release|Any CPU.Build.0 = Release|Any CPU
		{07AC5DF8-9F33-4DC8-BAE9-10468131DEBA}.Release|x64.ActiveCfg = Release|Any CPU
		{07AC5DF8-9F33-4DC8-BAE9-10468131DEBA}.Release|x64.Build.0 = Release|Any CPU
		{07AC5DF8-9F33-4DC8-BAE9-10468131DEBA}.Release|x86.ActiveCfg = Release|Any CPU
		{07AC5DF8-9F33-4DC8-BAE9-10468131DEBA}.Release|x86.Build.0 = Release|Any CPU
		{6F9DE494-4C92-4328-B7E5-3E196313653E}.Debug|Any CPU.ActiveCfg = Debug|Any CPU
		{6F9DE494-4C92-4328-B7E5-3E196313653E}.Debug|Any CPU.Build.0 = Debug|Any CPU
		{6F9DE494-4C92-4328-B7E5-3E196313653E}.Debug|x64.ActiveCfg = Debug|Any CPU
		{6F9DE494-4C92-4328-B7E5-3E196313653E}.Debug|x64.Build.0 = Debug|Any CPU
		{6F9DE494-4C92-4328-B7E5-3E196313653E}.Debug|x86.ActiveCfg = Debug|Any CPU
		{6F9DE494-4C92-4328-B7E5-3E196313653E}.Debug|x86.Build.0 = Debug|Any CPU
		{6F9DE494-4C92-4328-B7E5-3E196313653E}.Release|Any CPU.ActiveCfg = Release|Any CPU
		{6F9DE494-4C92-4328-B7E5-3E196313653E}.Release|Any CPU.Build.0 = Release|Any CPU
		{6F9DE494-4C92-4328-B7E5-3E196313653E}.Release|x64.ActiveCfg = Release|Any CPU
		{6F9DE494-4C92-4328-B7E5-3E196313653E}.Release|x64.Build.0 = Release|Any CPU
		{6F9DE494-4C92-4328-B7E5-3E196313653E}.Release|x86.ActiveCfg = Release|Any CPU
		{6F9DE494-4C92-4328-B7E5-3E196313653E}.Release|x86.Build.0 = Release|Any CPU
		{DD617E32-CE7E-4EA0-AC70-392B7A0BB2F1}.Debug|Any CPU.ActiveCfg = Debug|Any CPU
		{DD617E32-CE7E-4EA0-AC70-392B7A0BB2F1}.Debug|Any CPU.Build.0 = Debug|Any CPU
		{DD617E32-CE7E-4EA0-AC70-392B7A0BB2F1}.Debug|x64.ActiveCfg = Debug|Any CPU
		{DD617E32-CE7E-4EA0-AC70-392B7A0BB2F1}.Debug|x64.Build.0 = Debug|Any CPU
		{DD617E32-CE7E-4EA0-AC70-392B7A0BB2F1}.Debug|x86.ActiveCfg = Debug|Any CPU
		{DD617E32-CE7E-4EA0-AC70-392B7A0BB2F1}.Debug|x86.Build.0 = Debug|Any CPU
		{DD617E32-CE7E-4EA0-AC70-392B7A0BB2F1}.Release|Any CPU.ActiveCfg = Release|Any CPU
		{DD617E32-CE7E-4EA0-AC70-392B7A0BB2F1}.Release|Any CPU.Build.0 = Release|Any CPU
		{DD617E32-CE7E-4EA0-AC70-392B7A0BB2F1}.Release|x64.ActiveCfg = Release|Any CPU
		{DD617E32-CE7E-4EA0-AC70-392B7A0BB2F1}.Release|x64.Build.0 = Release|Any CPU
		{DD617E32-CE7E-4EA0-AC70-392B7A0BB2F1}.Release|x86.ActiveCfg = Release|Any CPU
		{DD617E32-CE7E-4EA0-AC70-392B7A0BB2F1}.Release|x86.Build.0 = Release|Any CPU
	EndGlobalSection
EndGlobal
